
Microsoft Visual Studio Solution File, Format Version 12.00
# Visual Studio Version 17
VisualStudioVersion = 17.1.32210.238
MinimumVisualStudioVersion = 10.0.40219.1
Project("{8BC9CEB8-8B4A-11D0-8D11-00A0C91BC942}") = "Matrix_test", "Matrix_test.vcxproj", "{B1C3E240-4309-464E-BE28-FA6790E8692D}"
EndProject
Global
	GlobalSection(SolutionConfigurationPlatforms) = preSolution
		Debug|x64 = Debug|x64
		Debug|x86 = Debug|x86
		Release|x64 = Release|x64
		Release|x86 = Release|x86
	EndGlobalSection
	GlobalSection(ProjectConfigurationPlatforms) = postSolution
		{B1C3E240-4309-464E-BE28-FA6790E8692D}.Debug|x64.ActiveCfg = Debug|x64
		{B1C3E240-4309-464E-BE28-FA6790E8692D}.Debug|x64.Build.0 = Debug|x64
		{B1C3E240-4309-464E-BE28-FA6790E8692D}.Debug|x86.ActiveCfg = Debug|Win32
		{B1C3E240-4309-464E-BE28-FA6790E8692D}.Debug|x86.Build.0 = Debug|Win32
		{B1C3E240-4309-464E-BE28-FA6790E8692D}.Release|x64.ActiveCfg = Release|x64
		{B1C3E240-4309-464E-BE28-FA6790E8692D}.Release|x64.Build.0 = Release|x64
		{B1C3E240-4309-464E-BE28-FA6790E8692D}.Release|x86.ActiveCfg = Release|Win32
		{B1C3E240-4309-464E-BE28-FA6790E8692D}.Release|x86.Build.0 = Release|Win32
	EndGlobalSection
	GlobalSection(SolutionProperties) = preSolution
		HideSolutionNode = FALSE
	EndGlobalSection
	GlobalSection(ExtensibilityGlobals) = postSolution
		SolutionGuid = {BF92E470-9797-41E4-9EB3-F2AC9C5FCE65}
	EndGlobalSection
EndGlobal
